// !$*UTF8*$!
{
	archiveVersion = 1;
	classes = {
	};
	objectVersion = 56;
	objects = {

/* Begin PBXBuildFile section */
		CD12D8B4293B4558000949C1 /* Day03.swift in Sources */ = {isa = PBXBuildFile; fileRef = CD12D8B3293B4558000949C1 /* Day03.swift */; };
		CD12D8B9293B4E5E000949C1 /* day03_1.txt in Copy Files */ = {isa = PBXBuildFile; fileRef = CD12D8B8293B4E5A000949C1 /* day03_1.txt */; };
		CD58A3E7293939EC00A1BF32 /* main.swift in Sources */ = {isa = PBXBuildFile; fileRef = CD58A3E6293939EC00A1BF32 /* main.swift */; };
		CD58A3EF29393A3500A1BF32 /* Day.swift in Sources */ = {isa = PBXBuildFile; fileRef = CD58A3EE29393A3500A1BF32 /* Day.swift */; };
		CD58A3F129393A4C00A1BF32 /* Benchmark.swift in Sources */ = {isa = PBXBuildFile; fileRef = CD58A3F029393A4C00A1BF32 /* Benchmark.swift */; };
		CD58A3F329393A5A00A1BF32 /* InputReader.swift in Sources */ = {isa = PBXBuildFile; fileRef = CD58A3F229393A5A00A1BF32 /* InputReader.swift */; };
		CD58A3F729393A9300A1BF32 /* Day01.swift in Sources */ = {isa = PBXBuildFile; fileRef = CD58A3F629393A9300A1BF32 /* Day01.swift */; };
		CD58A3FE29393CBF00A1BF32 /* day01_1.txt in Copy Files */ = {isa = PBXBuildFile; fileRef = CD58A3FB29393CAE00A1BF32 /* day01_1.txt */; };
		CD6B2AC3293A8D510045ABBF /* Day02.swift in Sources */ = {isa = PBXBuildFile; fileRef = CD6B2AC2293A8D510045ABBF /* Day02.swift */; };
		CD6B2AC5293A8EFD0045ABBF /* day02_1.txt in Copy Files */ = {isa = PBXBuildFile; fileRef = CD6B2AC4293A8DC30045ABBF /* day02_1.txt */; };
		CDAC1C8429423F25000A7025 /* Day08.swift in Sources */ = {isa = PBXBuildFile; fileRef = CDAC1C8329423F25000A7025 /* Day08.swift */; };
		CDAC1C8529423F3D000A7025 /* day08_1.txt in Copy Files */ = {isa = PBXBuildFile; fileRef = CDAC1C8229423F1F000A7025 /* day08_1.txt */; };
		CDB720C5293FA4A0007550D3 /* Day06.swift in Sources */ = {isa = PBXBuildFile; fileRef = CDB720C4293FA4A0007550D3 /* Day06.swift */; };
		CDB720C7293FA4AD007550D3 /* day06_1.txt in Copy Files */ = {isa = PBXBuildFile; fileRef = CDB720C6293FA4A9007550D3 /* day06_1.txt */; };
		CDEB26DA293E50BD007A7C2A /* Day05.swift in Sources */ = {isa = PBXBuildFile; fileRef = CDEB26D9293E50BD007A7C2A /* Day05.swift */; };
		CDEB26DC293E518A007A7C2A /* day05_1.txt in Copy Files */ = {isa = PBXBuildFile; fileRef = CDEB26DB293E50C5007A7C2A /* day05_1.txt */; };
		CDF6E5892940F60800DB0CEA /* Day07.swift in Sources */ = {isa = PBXBuildFile; fileRef = CDF6E5882940F60800DB0CEA /* Day07.swift */; };
		CDF6E58B2940F61400DB0CEA /* day07_1.txt in Copy Files */ = {isa = PBXBuildFile; fileRef = CDF6E58A2940F61000DB0CEA /* day07_1.txt */; };
		CDFC2720293C9A4500D63275 /* day04_1.txt in Copy Files */ = {isa = PBXBuildFile; fileRef = CDFC271F293C9A4000D63275 /* day04_1.txt */; };
		CDFC2722293C9A4900D63275 /* Day04.swift in Sources */ = {isa = PBXBuildFile; fileRef = CDFC2721293C9A4900D63275 /* Day04.swift */; };
/* End PBXBuildFile section */

/* Begin PBXCopyFilesBuildPhase section */
		CD58A3E1293939EC00A1BF32 /* Copy Files */ = {
			isa = PBXCopyFilesBuildPhase;
			buildActionMask = 12;
			dstPath = "";
			dstSubfolderSpec = 16;
			files = (
				CD58A3FE29393CBF00A1BF32 /* day01_1.txt in Copy Files */,
				CD6B2AC5293A8EFD0045ABBF /* day02_1.txt in Copy Files */,
				CD12D8B9293B4E5E000949C1 /* day03_1.txt in Copy Files */,
				CDFC2720293C9A4500D63275 /* day04_1.txt in Copy Files */,
				CDEB26DC293E518A007A7C2A /* day05_1.txt in Copy Files */,
				CDB720C7293FA4AD007550D3 /* day06_1.txt in Copy Files */,
				CDF6E58B2940F61400DB0CEA /* day07_1.txt in Copy Files */,
				CDAC1C8529423F3D000A7025 /* day08_1.txt in Copy Files */,
			);
			name = "Copy Files";
			runOnlyForDeploymentPostprocessing = 0;
		};
/* End PBXCopyFilesBuildPhase section */

/* Begin PBXFileReference section */
		CD12D8B3293B4558000949C1 /* Day03.swift */ = {isa = PBXFileReference; lastKnownFileType = sourcecode.swift; path = Day03.swift; sourceTree = "<group>"; };
		CD12D8B8293B4E5A000949C1 /* day03_1.txt */ = {isa = PBXFileReference; lastKnownFileType = text; path = day03_1.txt; sourceTree = "<group>"; };
		CD58A3E3293939EC00A1BF32 /* AdventOfCode2022 */ = {isa = PBXFileReference; explicitFileType = "compiled.mach-o.executable"; includeInIndex = 0; path = AdventOfCode2022; sourceTree = BUILT_PRODUCTS_DIR; };
		CD58A3E6293939EC00A1BF32 /* main.swift */ = {isa = PBXFileReference; lastKnownFileType = sourcecode.swift; path = main.swift; sourceTree = "<group>"; };
		CD58A3EE29393A3500A1BF32 /* Day.swift */ = {isa = PBXFileReference; lastKnownFileType = sourcecode.swift; path = Day.swift; sourceTree = "<group>"; };
		CD58A3F029393A4C00A1BF32 /* Benchmark.swift */ = {isa = PBXFileReference; lastKnownFileType = sourcecode.swift; path = Benchmark.swift; sourceTree = "<group>"; };
		CD58A3F229393A5A00A1BF32 /* InputReader.swift */ = {isa = PBXFileReference; lastKnownFileType = sourcecode.swift; path = InputReader.swift; sourceTree = "<group>"; };
		CD58A3F629393A9300A1BF32 /* Day01.swift */ = {isa = PBXFileReference; lastKnownFileType = sourcecode.swift; path = Day01.swift; sourceTree = "<group>"; };
		CD58A3FB29393CAE00A1BF32 /* day01_1.txt */ = {isa = PBXFileReference; lastKnownFileType = text; path = day01_1.txt; sourceTree = "<group>"; };
		CD6B2AC2293A8D510045ABBF /* Day02.swift */ = {isa = PBXFileReference; lastKnownFileType = sourcecode.swift; path = Day02.swift; sourceTree = "<group>"; };
		CD6B2AC4293A8DC30045ABBF /* day02_1.txt */ = {isa = PBXFileReference; lastKnownFileType = text; path = day02_1.txt; sourceTree = "<group>"; };
		CDAC1C8229423F1F000A7025 /* day08_1.txt */ = {isa = PBXFileReference; lastKnownFileType = text; path = day08_1.txt; sourceTree = "<group>"; };
		CDAC1C8329423F25000A7025 /* Day08.swift */ = {isa = PBXFileReference; lastKnownFileType = sourcecode.swift; path = Day08.swift; sourceTree = "<group>"; };
		CDB720C4293FA4A0007550D3 /* Day06.swift */ = {isa = PBXFileReference; lastKnownFileType = sourcecode.swift; path = Day06.swift; sourceTree = "<group>"; };
		CDB720C6293FA4A9007550D3 /* day06_1.txt */ = {isa = PBXFileReference; lastKnownFileType = text; path = day06_1.txt; sourceTree = "<group>"; };
		CDEB26D9293E50BD007A7C2A /* Day05.swift */ = {isa = PBXFileReference; lastKnownFileType = sourcecode.swift; path = Day05.swift; sourceTree = "<group>"; };
		CDEB26DB293E50C5007A7C2A /* day05_1.txt */ = {isa = PBXFileReference; lastKnownFileType = text; path = day05_1.txt; sourceTree = "<group>"; };
		CDF6E5882940F60800DB0CEA /* Day07.swift */ = {isa = PBXFileReference; lastKnownFileType = sourcecode.swift; path = Day07.swift; sourceTree = "<group>"; };
		CDF6E58A2940F61000DB0CEA /* day07_1.txt */ = {isa = PBXFileReference; lastKnownFileType = text; path = day07_1.txt; sourceTree = "<group>"; };
		CDFC271F293C9A4000D63275 /* day04_1.txt */ = {isa = PBXFileReference; lastKnownFileType = text; path = day04_1.txt; sourceTree = "<group>"; };
		CDFC2721293C9A4900D63275 /* Day04.swift */ = {isa = PBXFileReference; lastKnownFileType = sourcecode.swift; path = Day04.swift; sourceTree = "<group>"; };
/* End PBXFileReference section */

/* Begin PBXFrameworksBuildPhase section */
		CD58A3E0293939EC00A1BF32 /* Frameworks */ = {
			isa = PBXFrameworksBuildPhase;
			buildActionMask = 2147483647;
			files = (
			);
			runOnlyForDeploymentPostprocessing = 0;
		};
/* End PBXFrameworksBuildPhase section */

/* Begin PBXGroup section */
		CD58A3DA293939EC00A1BF32 = {
			isa = PBXGroup;
			children = (
				CD58A3E5293939EC00A1BF32 /* AdventOfCode2022 */,
				CD58A3E4293939EC00A1BF32 /* Products */,
				CD58A3FC29393CBA00A1BF32 /* Frameworks */,
			);
			sourceTree = "<group>";
		};
		CD58A3E4293939EC00A1BF32 /* Products */ = {
			isa = PBXGroup;
			children = (
				CD58A3E3293939EC00A1BF32 /* AdventOfCode2022 */,
			);
			name = Products;
			sourceTree = "<group>";
		};
		CD58A3E5293939EC00A1BF32 /* AdventOfCode2022 */ = {
			isa = PBXGroup;
			children = (
				CD58A3F529393A8F00A1BF32 /* solutions */,
				CD58A3F429393A6600A1BF32 /* input */,
				CD58A3ED29393A3000A1BF32 /* utils */,
				CD58A3E6293939EC00A1BF32 /* main.swift */,
			);
			path = AdventOfCode2022;
			sourceTree = "<group>";
		};
		CD58A3ED29393A3000A1BF32 /* utils */ = {
			isa = PBXGroup;
			children = (
				CD58A3EE29393A3500A1BF32 /* Day.swift */,
				CD58A3F029393A4C00A1BF32 /* Benchmark.swift */,
				CD58A3F229393A5A00A1BF32 /* InputReader.swift */,
			);
			path = utils;
			sourceTree = "<group>";
		};
		CD58A3F429393A6600A1BF32 /* input */ = {
			isa = PBXGroup;
			children = (
				CD58A3FB29393CAE00A1BF32 /* day01_1.txt */,
				CD6B2AC4293A8DC30045ABBF /* day02_1.txt */,
				CD12D8B8293B4E5A000949C1 /* day03_1.txt */,
				CDFC271F293C9A4000D63275 /* day04_1.txt */,
				CDEB26DB293E50C5007A7C2A /* day05_1.txt */,
				CDB720C6293FA4A9007550D3 /* day06_1.txt */,
				CDF6E58A2940F61000DB0CEA /* day07_1.txt */,
				CDAC1C8229423F1F000A7025 /* day08_1.txt */,
			);
			path = input;
			sourceTree = "<group>";
		};
		CD58A3F529393A8F00A1BF32 /* solutions */ = {
			isa = PBXGroup;
			children = (
				CD58A3F629393A9300A1BF32 /* Day01.swift */,
				CD6B2AC2293A8D510045ABBF /* Day02.swift */,
				CD12D8B3293B4558000949C1 /* Day03.swift */,
				CDFC2721293C9A4900D63275 /* Day04.swift */,
				CDEB26D9293E50BD007A7C2A /* Day05.swift */,
				CDB720C4293FA4A0007550D3 /* Day06.swift */,
				CDF6E5882940F60800DB0CEA /* Day07.swift */,
				CDAC1C8329423F25000A7025 /* Day08.swift */,
			);
			path = solutions;
			sourceTree = "<group>";
		};
		CD58A3FC29393CBA00A1BF32 /* Frameworks */ = {
			isa = PBXGroup;
			children = (
			);
			name = Frameworks;
			sourceTree = "<group>";
		};
/* End PBXGroup section */

/* Begin PBXNativeTarget section */
		CD58A3E2293939EC00A1BF32 /* AdventOfCode2022 */ = {
			isa = PBXNativeTarget;
			buildConfigurationList = CD58A3EA293939EC00A1BF32 /* Build configuration list for PBXNativeTarget "AdventOfCode2022" */;
			buildPhases = (
				CD58A3DF293939EC00A1BF32 /* Sources */,
				CD58A3E0293939EC00A1BF32 /* Frameworks */,
				CD58A3E1293939EC00A1BF32 /* Copy Files */,
			);
			buildRules = (
			);
			dependencies = (
			);
			name = AdventOfCode2022;
			productName = AdventOfCode2022;
			productReference = CD58A3E3293939EC00A1BF32 /* AdventOfCode2022 */;
			productType = "com.apple.product-type.tool";
		};
/* End PBXNativeTarget section */

/* Begin PBXProject section */
		CD58A3DB293939EC00A1BF32 /* Project object */ = {
			isa = PBXProject;
			attributes = {
				BuildIndependentTargetsInParallel = 1;
				LastSwiftUpdateCheck = 1410;
				LastUpgradeCheck = 1410;
				TargetAttributes = {
					CD58A3E2293939EC00A1BF32 = {
						CreatedOnToolsVersion = 14.1;
					};
				};
			};
			buildConfigurationList = CD58A3DE293939EC00A1BF32 /* Build configuration list for PBXProject "AdventOfCode2022" */;
			compatibilityVersion = "Xcode 14.0";
			developmentRegion = en;
			hasScannedForEncodings = 0;
			knownRegions = (
				en,
				Base,
			);
			mainGroup = CD58A3DA293939EC00A1BF32;
			productRefGroup = CD58A3E4293939EC00A1BF32 /* Products */;
			projectDirPath = "";
			projectRoot = "";
			targets = (
				CD58A3E2293939EC00A1BF32 /* AdventOfCode2022 */,
			);
		};
/* End PBXProject section */

/* Begin PBXSourcesBuildPhase section */
		CD58A3DF293939EC00A1BF32 /* Sources */ = {
			isa = PBXSourcesBuildPhase;
			buildActionMask = 2147483647;
			files = (
				CDFC2722293C9A4900D63275 /* Day04.swift in Sources */,
				CD58A3EF29393A3500A1BF32 /* Day.swift in Sources */,
				CD58A3F729393A9300A1BF32 /* Day01.swift in Sources */,
				CD6B2AC3293A8D510045ABBF /* Day02.swift in Sources */,
				CD58A3F129393A4C00A1BF32 /* Benchmark.swift in Sources */,
				CDEB26DA293E50BD007A7C2A /* Day05.swift in Sources */,
				CDB720C5293FA4A0007550D3 /* Day06.swift in Sources */,
				CD58A3E7293939EC00A1BF32 /* main.swift in Sources */,
				CDAC1C8429423F25000A7025 /* Day08.swift in Sources */,
				CDF6E5892940F60800DB0CEA /* Day07.swift in Sources */,
				CD58A3F329393A5A00A1BF32 /* InputReader.swift in Sources */,
				CD12D8B4293B4558000949C1 /* Day03.swift in Sources */,
			);
			runOnlyForDeploymentPostprocessing = 0;
		};
/* End PBXSourcesBuildPhase section */

/* Begin XCBuildConfiguration section */
		CD58A3E8293939EC00A1BF32 /* Debug */ = {
			isa = XCBuildConfiguration;
			buildSettings = {
				ALWAYS_SEARCH_USER_PATHS = NO;
				CLANG_ANALYZER_NONNULL = YES;
				CLANG_ANALYZER_NUMBER_OBJECT_CONVERSION = YES_AGGRESSIVE;
				CLANG_CXX_LANGUAGE_STANDARD = "gnu++20";
				CLANG_ENABLE_MODULES = YES;
				CLANG_ENABLE_OBJC_ARC = YES;
				CLANG_ENABLE_OBJC_WEAK = YES;
				CLANG_WARN_BLOCK_CAPTURE_AUTORELEASING = YES;
				CLANG_WARN_BOOL_CONVERSION = YES;
				CLANG_WARN_COMMA = YES;
				CLANG_WARN_CONSTANT_CONVERSION = YES;
				CLANG_WARN_DEPRECATED_OBJC_IMPLEMENTATIONS = YES;
				CLANG_WARN_DIRECT_OBJC_ISA_USAGE = YES_ERROR;
				CLANG_WARN_DOCUMENTATION_COMMENTS = YES;
				CLANG_WARN_EMPTY_BODY = YES;
				CLANG_WARN_ENUM_CONVERSION = YES;
				CLANG_WARN_INFINITE_RECURSION = YES;
				CLANG_WARN_INT_CONVERSION = YES;
				CLANG_WARN_NON_LITERAL_NULL_CONVERSION = YES;
				CLANG_WARN_OBJC_IMPLICIT_RETAIN_SELF = YES;
				CLANG_WARN_OBJC_LITERAL_CONVERSION = YES;
				CLANG_WARN_OBJC_ROOT_CLASS = YES_ERROR;
				CLANG_WARN_QUOTED_INCLUDE_IN_FRAMEWORK_HEADER = YES;
				CLANG_WARN_RANGE_LOOP_ANALYSIS = YES;
				CLANG_WARN_STRICT_PROTOTYPES = YES;
				CLANG_WARN_SUSPICIOUS_MOVE = YES;
				CLANG_WARN_UNGUARDED_AVAILABILITY = YES_AGGRESSIVE;
				CLANG_WARN_UNREACHABLE_CODE = YES;
				CLANG_WARN__DUPLICATE_METHOD_MATCH = YES;
				COPY_PHASE_STRIP = NO;
				DEBUG_INFORMATION_FORMAT = dwarf;
				ENABLE_STRICT_OBJC_MSGSEND = YES;
				ENABLE_TESTABILITY = YES;
				GCC_C_LANGUAGE_STANDARD = gnu11;
				GCC_DYNAMIC_NO_PIC = NO;
				GCC_NO_COMMON_BLOCKS = YES;
				GCC_OPTIMIZATION_LEVEL = 0;
				GCC_PREPROCESSOR_DEFINITIONS = (
					"DEBUG=1",
					"$(inherited)",
				);
				GCC_WARN_64_TO_32_BIT_CONVERSION = YES;
				GCC_WARN_ABOUT_RETURN_TYPE = YES_ERROR;
				GCC_WARN_UNDECLARED_SELECTOR = YES;
				GCC_WARN_UNINITIALIZED_AUTOS = YES_AGGRESSIVE;
				GCC_WARN_UNUSED_FUNCTION = YES;
				GCC_WARN_UNUSED_VARIABLE = YES;
				MACOSX_DEPLOYMENT_TARGET = 13.0;
				MTL_ENABLE_DEBUG_INFO = INCLUDE_SOURCE;
				MTL_FAST_MATH = YES;
				ONLY_ACTIVE_ARCH = YES;
				SDKROOT = macosx;
				SWIFT_ACTIVE_COMPILATION_CONDITIONS = DEBUG;
				SWIFT_OPTIMIZATION_LEVEL = "-Onone";
			};
			name = Debug;
		};
		CD58A3E9293939EC00A1BF32 /* Release */ = {
			isa = XCBuildConfiguration;
			buildSettings = {
				ALWAYS_SEARCH_USER_PATHS = NO;
				CLANG_ANALYZER_NONNULL = YES;
				CLANG_ANALYZER_NUMBER_OBJECT_CONVERSION = YES_AGGRESSIVE;
				CLANG_CXX_LANGUAGE_STANDARD = "gnu++20";
				CLANG_ENABLE_MODULES = YES;
				CLANG_ENABLE_OBJC_ARC = YES;
				CLANG_ENABLE_OBJC_WEAK = YES;
				CLANG_WARN_BLOCK_CAPTURE_AUTORELEASING = YES;
				CLANG_WARN_BOOL_CONVERSION = YES;
				CLANG_WARN_COMMA = YES;
				CLANG_WARN_CONSTANT_CONVERSION = YES;
				CLANG_WARN_DEPRECATED_OBJC_IMPLEMENTATIONS = YES;
				CLANG_WARN_DIRECT_OBJC_ISA_USAGE = YES_ERROR;
				CLANG_WARN_DOCUMENTATION_COMMENTS = YES;
				CLANG_WARN_EMPTY_BODY = YES;
				CLANG_WARN_ENUM_CONVERSION = YES;
				CLANG_WARN_INFINITE_RECURSION = YES;
				CLANG_WARN_INT_CONVERSION = YES;
				CLANG_WARN_NON_LITERAL_NULL_CONVERSION = YES;
				CLANG_WARN_OBJC_IMPLICIT_RETAIN_SELF = YES;
				CLANG_WARN_OBJC_LITERAL_CONVERSION = YES;
				CLANG_WARN_OBJC_ROOT_CLASS = YES_ERROR;
				CLANG_WARN_QUOTED_INCLUDE_IN_FRAMEWORK_HEADER = YES;
				CLANG_WARN_RANGE_LOOP_ANALYSIS = YES;
				CLANG_WARN_STRICT_PROTOTYPES = YES;
				CLANG_WARN_SUSPICIOUS_MOVE = YES;
				CLANG_WARN_UNGUARDED_AVAILABILITY = YES_AGGRESSIVE;
				CLANG_WARN_UNREACHABLE_CODE = YES;
				CLANG_WARN__DUPLICATE_METHOD_MATCH = YES;
				COPY_PHASE_STRIP = NO;
				DEBUG_INFORMATION_FORMAT = "dwarf-with-dsym";
				ENABLE_NS_ASSERTIONS = NO;
				ENABLE_STRICT_OBJC_MSGSEND = YES;
				GCC_C_LANGUAGE_STANDARD = gnu11;
				GCC_NO_COMMON_BLOCKS = YES;
				GCC_WARN_64_TO_32_BIT_CONVERSION = YES;
				GCC_WARN_ABOUT_RETURN_TYPE = YES_ERROR;
				GCC_WARN_UNDECLARED_SELECTOR = YES;
				GCC_WARN_UNINITIALIZED_AUTOS = YES_AGGRESSIVE;
				GCC_WARN_UNUSED_FUNCTION = YES;
				GCC_WARN_UNUSED_VARIABLE = YES;
				MACOSX_DEPLOYMENT_TARGET = 13.0;
				MTL_ENABLE_DEBUG_INFO = NO;
				MTL_FAST_MATH = YES;
				SDKROOT = macosx;
				SWIFT_COMPILATION_MODE = wholemodule;
				SWIFT_OPTIMIZATION_LEVEL = "-O";
			};
			name = Release;
		};
		CD58A3EB293939EC00A1BF32 /* Debug */ = {
			isa = XCBuildConfiguration;
			buildSettings = {
				CODE_SIGN_STYLE = Automatic;
				DEVELOPMENT_TEAM = TK8C2H3NC7;
				ENABLE_HARDENED_RUNTIME = YES;
				PRODUCT_NAME = "$(TARGET_NAME)";
				SWIFT_VERSION = 5.0;
			};
			name = Debug;
		};
		CD58A3EC293939EC00A1BF32 /* Release */ = {
			isa = XCBuildConfiguration;
			buildSettings = {
				CODE_SIGN_STYLE = Automatic;
				DEVELOPMENT_TEAM = TK8C2H3NC7;
				ENABLE_HARDENED_RUNTIME = YES;
				PRODUCT_NAME = "$(TARGET_NAME)";
				SWIFT_VERSION = 5.0;
			};
			name = Release;
		};
/* End XCBuildConfiguration section */

/* Begin XCConfigurationList section */
		CD58A3DE293939EC00A1BF32 /* Build configuration list for PBXProject "AdventOfCode2022" */ = {
			isa = XCConfigurationList;
			buildConfigurations = (
				CD58A3E8293939EC00A1BF32 /* Debug */,
				CD58A3E9293939EC00A1BF32 /* Release */,
			);
			defaultConfigurationIsVisible = 0;
			defaultConfigurationName = Release;
		};
		CD58A3EA293939EC00A1BF32 /* Build configuration list for PBXNativeTarget "AdventOfCode2022" */ = {
			isa = XCConfigurationList;
			buildConfigurations = (
				CD58A3EB293939EC00A1BF32 /* Debug */,
				CD58A3EC293939EC00A1BF32 /* Release */,
			);
			defaultConfigurationIsVisible = 0;
			defaultConfigurationName = Release;
		};
/* End XCConfigurationList section */
	};
	rootObject = CD58A3DB293939EC00A1BF32 /* Project object */;
}
